// !$*UTF8*$!
{
	archiveVersion = 1;
	classes = {
	};
	objectVersion = 77;
	objects = {

/* Begin PBXBuildFile section */
		AF2740BF3070D33D0017C30C /* AuthRepository.swift in Sources */ = {isa = PBXBuildFile; fileRef = AF2740B83070D33D0017C30C /* AuthRepository.swift */; };
		AF2740C03070D33D0017C30C /* NetworkError.swift in Sources */ = {isa = PBXBuildFile; fileRef = AF2740AD3070D33D0017C30C /* NetworkError.swift */; };
		AF2740C13070D33D0017C30C /* KeychainService.swift in Sources */ = {isa = PBXBuildFile; fileRef = AF2740AF3070D33D0017C30C /* KeychainService.swift */; };
		AF2740C23070D33D0017C30C /* Endpoint.swift in Sources */ = {isa = PBXBuildFile; fileRef = AF2740AC3070D33D0017C30C /* Endpoint.swift */; };
		AF2740C33070D33D0017C30C /* LoginView.swift in Sources */ = {isa = PBXBuildFile; fileRef = AF2740B93070D33D0017C30C /* LoginView.swift */; };
		AF2740C43070D33D0017C30C /* Validator.swift in Sources */ = {isa = PBXBuildFile; fileRef = AF2740B13070D33D0017C30C /* Validator.swift */; };
		AF2740C53070D33D0017C30C /* PriceCalculator.swift in Sources */ = {isa = PBXBuildFile; fileRef = AF2740B63070D33D0017C30C /* PriceCalculator.swift */; };
		AF2740C63070D33D0017C30C /* FoodAppApp.swift in Sources */ = {isa = PBXBuildFile; fileRef = AF2740A93070D33D0017C30C /* FoodAppApp.swift */; };
		AF2740C73070D33D0017C30C /* APIClient.swift in Sources */ = {isa = PBXBuildFile; fileRef = AF2740AB3070D33D0017C30C /* APIClient.swift */; };
		AF2740C83070D33D0017C30C /* LoginViewModel.swift in Sources */ = {isa = PBXBuildFile; fileRef = AF2740BA3070D33D0017C30C /* LoginViewModel.swift */; };
		AF2740C93070D33D0017C30C /* CartStore.swift in Sources */ = {isa = PBXBuildFile; fileRef = AF2740BC3070D33D0017C30C /* CartStore.swift */; };
		AF2740CA3070D33D0017C30C /* Models.swift in Sources */ = {isa = PBXBuildFile; fileRef = AF2740B43070D33D0017C30C /* Models.swift */; };
		AF2740D33070DF780017C30C /* SessionManager.swift in Sources */ = {isa = PBXBuildFile; fileRef = AF2740D23070DF710017C30C /* SessionManager.swift */; };
		AF2740D53070DF960017C30C /* RootView.swift in Sources */ = {isa = PBXBuildFile; fileRef = AF2740D43070DF940017C30C /* RootView.swift */; };
		AF2740F43070FF450017C30C /* Formatters.swift in Sources */ = {isa = PBXBuildFile; fileRef = AF2740F33070FF430017C30C /* Formatters.swift */; };
		AF27410A307100390017C30C /* CartButton.swift in Sources */ = {isa = PBXBuildFile; fileRef = AF274109307100360017C30C /* CartButton.swift */; };
		AF27410C3071004E0017C30C /* CartView.swift in Sources */ = {isa = PBXBuildFile; fileRef = AF27410B3071004D0017C30C /* CartView.swift */; };
		AF274112307115FA0017C30C /* EmojiTile.swift in Sources */ = {isa = PBXBuildFile; fileRef = AF274110307115FA0017C30C /* EmojiTile.swift */; };
		AF2741143071162E0017C30C /* FloatingCartBar.swift in Sources */ = {isa = PBXBuildFile; fileRef = AF2741133071162E0017C30C /* FloatingCartBar.swift */; };
		AF274116307124D70017C30C /* FormField.swift in Sources */ = {isa = PBXBuildFile; fileRef = AF274115307124D70017C30C /* FormField.swift */; };
		AF274118307124F30017C30C /* ValidatorExtras.swift in Sources */ = {isa = PBXBuildFile; fileRef = AF274117307124F30017C30C /* ValidatorExtras.swift */; };
		AF274120307125280017C30C /* SignupView.swift in Sources */ = {isa = PBXBuildFile; fileRef = AF27411E307125280017C30C /* SignupView.swift */; };
		AF274121307125280017C30C /* ForgotPasswordView.swift in Sources */ = {isa = PBXBuildFile; fileRef = AF27411A307125280017C30C /* ForgotPasswordView.swift */; };
		AF274122307125280017C30C /* SignupViewModel.swift in Sources */ = {isa = PBXBuildFile; fileRef = AF27411F307125280017C30C /* SignupViewModel.swift */; };
		AF274123307125280017C30C /* OTPViewModel.swift in Sources */ = {isa = PBXBuildFile; fileRef = AF27411D307125280017C30C /* OTPViewModel.swift */; };
		AF274124307125280017C30C /* AuthModels.swift in Sources */ = {isa = PBXBuildFile; fileRef = AF274119307125280017C30C /* AuthModels.swift */; };
		AF274125307125280017C30C /* ForgotPasswordViewModel.swift in Sources */ = {isa = PBXBuildFile; fileRef = AF27411B307125280017C30C /* ForgotPasswordViewModel.swift */; };
		AF274126307125280017C30C /* OTPView.swift in Sources */ = {isa = PBXBuildFile; fileRef = AF27411C307125280017C30C /* OTPView.swift */; };
		AF27412A3071342B0017C30C /* SearchBar.swift in Sources */ = {isa = PBXBuildFile; fileRef = AF2741293071342B0017C30C /* SearchBar.swift */; };
		AF27412E307163FB0017C30C /* Address.swift in Sources */ = {isa = PBXBuildFile; fileRef = AF27412D307163FB0017C30C /* Address.swift */; };
		AF2741303071644E0017C30C /* AddressStore.swift in Sources */ = {isa = PBXBuildFile; fileRef = AF27412F3071644E0017C30C /* AddressStore.swift */; };
		AF274132307164750017C30C /* ValidatorAddress.swift in Sources */ = {isa = PBXBuildFile; fileRef = AF274131307164750017C30C /* ValidatorAddress.swift */; };
		AF2741393071649B0017C30C /* AddressFormViewModel.swift in Sources */ = {isa = PBXBuildFile; fileRef = AF2741353071649B0017C30C /* AddressFormViewModel.swift */; };
		AF27413A3071649B0017C30C /* LocationFetcher.swift in Sources */ = {isa = PBXBuildFile; fileRef = AF2741373071649B0017C30C /* LocationFetcher.swift */; };
		AF27413B3071649B0017C30C /* AddressBook.swift in Sources */ = {isa = PBXBuildFile; fileRef = AF2741333071649B0017C30C /* AddressBook.swift */; };
		AF27413C3071649B0017C30C /* AddressFormView.swift in Sources */ = {isa = PBXBuildFile; fileRef = AF2741343071649B0017C30C /* AddressFormView.swift */; };
		AF27413D3071649B0017C30C /* AddressListView.swift in Sources */ = {isa = PBXBuildFile; fileRef = AF2741363071649B0017C30C /* AddressListView.swift */; };
		AF274147307164CD0017C30C /* MenuRepository.swift in Sources */ = {isa = PBXBuildFile; fileRef = AF274141307164CD0017C30C /* MenuRepository.swift */; };
		AF274148307164CD0017C30C /* ProductDetailView.swift in Sources */ = {isa = PBXBuildFile; fileRef = AF274142307164CD0017C30C /* ProductDetailView.swift */; };
		AF274149307164CD0017C30C /* ProductDetailViewModel.swift in Sources */ = {isa = PBXBuildFile; fileRef = AF274143307164CD0017C30C /* ProductDetailViewModel.swift */; };
		AF27414A307164CD0017C30C /* RestaurantDetailView.swift in Sources */ = {isa = PBXBuildFile; fileRef = AF274144307164CD0017C30C /* RestaurantDetailView.swift */; };
		AF27414B307164CD0017C30C /* RestaurantDetailViewModel.swift in Sources */ = {isa = PBXBuildFile; fileRef = AF274145307164CD0017C30C /* RestaurantDetailViewModel.swift */; };
		AF274151307164D10017C30C /* BannerCarousel.swift in Sources */ = {isa = PBXBuildFile; fileRef = AF27414C307164D10017C30C /* BannerCarousel.swift */; };
		AF274152307164D10017C30C /* HomeRepository.swift in Sources */ = {isa = PBXBuildFile; fileRef = AF27414D307164D10017C30C /* HomeRepository.swift */; };
		AF274153307164D10017C30C /* HomeView.swift in Sources */ = {isa = PBXBuildFile; fileRef = AF27414E307164D10017C30C /* HomeView.swift */; };
		AF274154307164D10017C30C /* HomeViewModel.swift in Sources */ = {isa = PBXBuildFile; fileRef = AF27414F307164D10017C30C /* HomeViewModel.swift */; };
		AF274158307166170017C30C /* Order.swift in Sources */ = {isa = PBXBuildFile; fileRef = AF274157307166170017C30C /* Order.swift */; };
		AF27415A307166320017C30C /* ValidatorPayment.swift in Sources */ = {isa = PBXBuildFile; fileRef = AF274159307166320017C30C /* ValidatorPayment.swift */; };
		AF27415C307166540017C30C /* ServiceContainer.swift in Sources */ = {isa = PBXBuildFile; fileRef = AF27415B307166540017C30C /* ServiceContainer.swift */; };
		AF27415F307166820017C30C /* OrderRepository.swift in Sources */ = {isa = PBXBuildFile; fileRef = AF27415D307166820017C30C /* OrderRepository.swift */; };
		AF274164307166970017C30C /* PaymentService.swift in Sources */ = {isa = PBXBuildFile; fileRef = AF274162307166970017C30C /* PaymentService.swift */; };
		AF274165307166970017C30C /* CheckoutView.swift in Sources */ = {isa = PBXBuildFile; fileRef = AF274160307166970017C30C /* CheckoutView.swift */; };
		AF274166307166970017C30C /* CheckoutViewModel.swift in Sources */ = {isa = PBXBuildFile; fileRef = AF274161307166970017C30C /* CheckoutViewModel.swift */; };
		AF3458083071742F0041AF66 /* AppRouter.swift in Sources */ = {isa = PBXBuildFile; fileRef = AF3458073071742F0041AF66 /* AppRouter.swift */; };
		AF34580E3071746A0041AF66 /* OrderHistoryView.swift in Sources */ = {isa = PBXBuildFile; fileRef = AF34580B3071746A0041AF66 /* OrderHistoryView.swift */; };
		AF34580F3071746A0041AF66 /* OrderDetailView.swift in Sources */ = {isa = PBXBuildFile; fileRef = AF3458093071746A0041AF66 /* OrderDetailView.swift */; };
		AF3458103071746A0041AF66 /* OrdersViewModel.swift in Sources */ = {isa = PBXBuildFile; fileRef = AF34580D3071746A0041AF66 /* OrdersViewModel.swift */; };
		AF3458113071746A0041AF66 /* OrderDetailViewModel.swift in Sources */ = {isa = PBXBuildFile; fileRef = AF34580A3071746A0041AF66 /* OrderDetailViewModel.swift */; };
		AF3458123071746A0041AF66 /* OrderStatus+UI.swift in Sources */ = {isa = PBXBuildFile; fileRef = AF34580C3071746A0041AF66 /* OrderStatus+UI.swift */; };
		AF345816307179740041AF66 /* MainTabView.swift in Sources */ = {isa = PBXBuildFile; fileRef = AF345815307179740041AF66 /* MainTabView.swift */; };
		AF345818307179B50041AF66 /* AvatarView.swift in Sources */ = {isa = PBXBuildFile; fileRef = AF345817307179B50041AF66 /* AvatarView.swift */; };
		AF34581A307179F10041AF66 /* HomeHeader.swift in Sources */ = {isa = PBXBuildFile; fileRef = AF345819307179F10041AF66 /* HomeHeader.swift */; };
		AF34582430717A860041AF66 /* EditProfileView.swift in Sources */ = {isa = PBXBuildFile; fileRef = AF34581D30717A860041AF66 /* EditProfileView.swift */; };
		AF34582530717A860041AF66 /* EditProfileViewModel.swift in Sources */ = {isa = PBXBuildFile; fileRef = AF34581E30717A860041AF66 /* EditProfileViewModel.swift */; };
		AF34582630717A860041AF66 /* ChangePasswordViewModel.swift in Sources */ = {isa = PBXBuildFile; fileRef = AF34581C30717A860041AF66 /* ChangePasswordViewModel.swift */; };
		AF34582730717A860041AF66 /* ProfileView.swift in Sources */ = {isa = PBXBuildFile; fileRef = AF34582230717A860041AF66 /* ProfileView.swift */; };
		AF34582830717A860041AF66 /* ProfileRepository.swift in Sources */ = {isa = PBXBuildFile; fileRef = AF34582030717A860041AF66 /* ProfileRepository.swift */; };
		AF34582930717A860041AF66 /* ProfileStore.swift in Sources */ = {isa = PBXBuildFile; fileRef = AF34582130717A860041AF66 /* ProfileStore.swift */; };
		AF34582A30717A860041AF66 /* ChangePasswordView.swift in Sources */ = {isa = PBXBuildFile; fileRef = AF34581B30717A860041AF66 /* ChangePasswordView.swift */; };
		AF34582B30717A860041AF66 /* NotificationSettingsView.swift in Sources */ = {isa = PBXBuildFile; fileRef = AF34581F30717A860041AF66 /* NotificationSettingsView.swift */; };
/* End PBXBuildFile section */

/* Begin PBXContainerItemProxy section */
		AF27408D3070D23F0017C30C /* PBXContainerItemProxy */ = {
			isa = PBXContainerItemProxy;
			containerPortal = AF2740773070D23D0017C30C /* Project object */;
			proxyType = 1;
			remoteGlobalIDString = AF27407E3070D23D0017C30C;
			remoteInfo = FoodApp;
		};
		AF2740973070D23F0017C30C /* PBXContainerItemProxy */ = {
			isa = PBXContainerItemProxy;
			containerPortal = AF2740773070D23D0017C30C /* Project object */;
			proxyType = 1;
			remoteGlobalIDString = AF27407E3070D23D0017C30C;
			remoteInfo = FoodApp;
		};
/* End PBXContainerItemProxy section */

/* Begin PBXFileReference section */
		AF27407F3070D23D0017C30C /* FoodApp.app */ = {isa = PBXFileReference; explicitFileType = wrapper.application; includeInIndex = 0; path = FoodApp.app; sourceTree = BUILT_PRODUCTS_DIR; };
		AF27408C3070D23F0017C30C /* FoodAppTests.xctest */ = {isa = PBXFileReference; explicitFileType = wrapper.cfbundle; includeInIndex = 0; path = FoodAppTests.xctest; sourceTree = BUILT_PRODUCTS_DIR; };
		AF2740963070D23F0017C30C /* FoodAppUITests.xctest */ = {isa = PBXFileReference; explicitFileType = wrapper.cfbundle; includeInIndex = 0; path = FoodAppUITests.xctest; sourceTree = BUILT_PRODUCTS_DIR; };
		AF2740A93070D33D0017C30C /* FoodAppApp.swift */ = {isa = PBXFileReference; lastKnownFileType = sourcecode.swift; path = FoodAppApp.swift; sourceTree = "<group>"; };
		AF2740AB3070D33D0017C30C /* APIClient.swift */ = {isa = PBXFileReference; lastKnownFileType = sourcecode.swift; path = APIClient.swift; sourceTree = "<group>"; };
		AF2740AC3070D33D0017C30C /* Endpoint.swift */ = {isa = PBXFileReference; lastKnownFileType = sourcecode.swift; path = Endpoint.swift; sourceTree = "<group>"; };
		AF2740AD3070D33D0017C30C /* NetworkError.swift */ = {isa = PBXFileReference; lastKnownFileType = sourcecode.swift; path = NetworkError.swift; sourceTree = "<group>"; };
		AF2740AF3070D33D0017C30C /* KeychainService.swift */ = {isa = PBXFileReference; lastKnownFileType = sourcecode.swift; path = KeychainService.swift; sourceTree = "<group>"; };
		AF2740B13070D33D0017C30C /* Validator.swift */ = {isa = PBXFileReference; lastKnownFileType = sourcecode.swift; path = Validator.swift; sourceTree = "<group>"; };
		AF2740B43070D33D0017C30C /* Models.swift */ = {isa = PBXFileReference; lastKnownFileType = sourcecode.swift; path = Models.swift; sourceTree = "<group>"; };
		AF2740B63070D33D0017C30C /* PriceCalculator.swift */ = {isa = PBXFileReference; lastKnownFileType = sourcecode.swift; path = PriceCalculator.swift; sourceTree = "<group>"; };
		AF2740B83070D33D0017C30C /* AuthRepository.swift */ = {isa = PBXFileReference; lastKnownFileType = sourcecode.swift; path = AuthRepository.swift; sourceTree = "<group>"; };
		AF2740B93070D33D0017C30C /* LoginView.swift */ = {isa = PBXFileReference; lastKnownFileType = sourcecode.swift; path = LoginView.swift; sourceTree = "<group>"; };
		AF2740BA3070D33D0017C30C /* LoginViewModel.swift */ = {isa = PBXFileReference; lastKnownFileType = sourcecode.swift; path = LoginViewModel.swift; sourceTree = "<group>"; };
		AF2740BC3070D33D0017C30C /* CartStore.swift */ = {isa = PBXFileReference; lastKnownFileType = sourcecode.swift; path = CartStore.swift; sourceTree = "<group>"; };
		AF2740D23070DF710017C30C /* SessionManager.swift */ = {isa = PBXFileReference; lastKnownFileType = sourcecode.swift; path = SessionManager.swift; sourceTree = "<group>"; };
		AF2740D43070DF940017C30C /* RootView.swift */ = {isa = PBXFileReference; lastKnownFileType = sourcecode.swift; path = RootView.swift; sourceTree = "<group>"; };
		AF2740F33070FF430017C30C /* Formatters.swift */ = {isa = PBXFileReference; lastKnownFileType = sourcecode.swift; path = Formatters.swift; sourceTree = "<group>"; };
		AF274109307100360017C30C /* CartButton.swift */ = {isa = PBXFileReference; lastKnownFileType = sourcecode.swift; path = CartButton.swift; sourceTree = "<group>"; };
		AF27410B3071004D0017C30C /* CartView.swift */ = {isa = PBXFileReference; lastKnownFileType = sourcecode.swift; path = CartView.swift; sourceTree = "<group>"; };
		AF274110307115FA0017C30C /* EmojiTile.swift */ = {isa = PBXFileReference; lastKnownFileType = sourcecode.swift; path = EmojiTile.swift; sourceTree = "<group>"; };
		AF2741133071162E0017C30C /* FloatingCartBar.swift */ = {isa = PBXFileReference; lastKnownFileType = sourcecode.swift; path = FloatingCartBar.swift; sourceTree = "<group>"; };
		AF274115307124D70017C30C /* FormField.swift */ = {isa = PBXFileReference; lastKnownFileType = sourcecode.swift; path = FormField.swift; sourceTree = "<group>"; };
		AF274117307124F30017C30C /* ValidatorExtras.swift */ = {isa = PBXFileReference; lastKnownFileType = sourcecode.swift; path = ValidatorExtras.swift; sourceTree = "<group>"; };
		AF274119307125280017C30C /* AuthModels.swift */ = {isa = PBXFileReference; lastKnownFileType = sourcecode.swift; path = AuthModels.swift; sourceTree = "<group>"; };
		AF27411A307125280017C30C /* ForgotPasswordView.swift */ = {isa = PBXFileReference; lastKnownFileType = sourcecode.swift; path = ForgotPasswordView.swift; sourceTree = "<group>"; };
		AF27411B307125280017C30C /* ForgotPasswordViewModel.swift */ = {isa = PBXFileReference; lastKnownFileType = sourcecode.swift; path = ForgotPasswordViewModel.swift; sourceTree = "<group>"; };
		AF27411C307125280017C30C /* OTPView.swift */ = {isa = PBXFileReference; lastKnownFileType = sourcecode.swift; path = OTPView.swift; sourceTree = "<group>"; };
		AF27411D307125280017C30C /* OTPViewModel.swift */ = {isa = PBXFileReference; lastKnownFileType = sourcecode.swift; path = OTPViewModel.swift; sourceTree = "<group>"; };
		AF27411E307125280017C30C /* SignupView.swift */ = {isa = PBXFileReference; lastKnownFileType = sourcecode.swift; path = SignupView.swift; sourceTree = "<group>"; };
		AF27411F307125280017C30C /* SignupViewModel.swift */ = {isa = PBXFileReference; lastKnownFileType = sourcecode.swift; path = SignupViewModel.swift; sourceTree = "<group>"; };
		AF2741293071342B0017C30C /* SearchBar.swift */ = {isa = PBXFileReference; lastKnownFileType = sourcecode.swift; path = SearchBar.swift; sourceTree = "<group>"; };
		AF27412D307163FB0017C30C /* Address.swift */ = {isa = PBXFileReference; lastKnownFileType = sourcecode.swift; path = Address.swift; sourceTree = "<group>"; };
		AF27412F3071644E0017C30C /* AddressStore.swift */ = {isa = PBXFileReference; lastKnownFileType = sourcecode.swift; path = AddressStore.swift; sourceTree = "<group>"; };
		AF274131307164750017C30C /* ValidatorAddress.swift */ = {isa = PBXFileReference; lastKnownFileType = sourcecode.swift; path = ValidatorAddress.swift; sourceTree = "<group>"; };
		AF2741333071649B0017C30C /* AddressBook.swift */ = {isa = PBXFileReference; lastKnownFileType = sourcecode.swift; path = AddressBook.swift; sourceTree = "<group>"; };
		AF2741343071649B0017C30C /* AddressFormView.swift */ = {isa = PBXFileReference; lastKnownFileType = sourcecode.swift; path = AddressFormView.swift; sourceTree = "<group>"; };
		AF2741353071649B0017C30C /* AddressFormViewModel.swift */ = {isa = PBXFileReference; lastKnownFileType = sourcecode.swift; path = AddressFormViewModel.swift; sourceTree = "<group>"; };
		AF2741363071649B0017C30C /* AddressListView.swift */ = {isa = PBXFileReference; lastKnownFileType = sourcecode.swift; path = AddressListView.swift; sourceTree = "<group>"; };
		AF2741373071649B0017C30C /* LocationFetcher.swift */ = {isa = PBXFileReference; lastKnownFileType = sourcecode.swift; path = LocationFetcher.swift; sourceTree = "<group>"; };
		AF274141307164CD0017C30C /* MenuRepository.swift */ = {isa = PBXFileReference; lastKnownFileType = sourcecode.swift; path = MenuRepository.swift; sourceTree = "<group>"; };
		AF274142307164CD0017C30C /* ProductDetailView.swift */ = {isa = PBXFileReference; lastKnownFileType = sourcecode.swift; path = ProductDetailView.swift; sourceTree = "<group>"; };
		AF274143307164CD0017C30C /* ProductDetailViewModel.swift */ = {isa = PBXFileReference; lastKnownFileType = sourcecode.swift; path = ProductDetailViewModel.swift; sourceTree = "<group>"; };
		AF274144307164CD0017C30C /* RestaurantDetailView.swift */ = {isa = PBXFileReference; lastKnownFileType = sourcecode.swift; path = RestaurantDetailView.swift; sourceTree = "<group>"; };
		AF274145307164CD0017C30C /* RestaurantDetailViewModel.swift */ = {isa = PBXFileReference; lastKnownFileType = sourcecode.swift; path = RestaurantDetailViewModel.swift; sourceTree = "<group>"; };
		AF27414C307164D10017C30C /* BannerCarousel.swift */ = {isa = PBXFileReference; lastKnownFileType = sourcecode.swift; path = BannerCarousel.swift; sourceTree = "<group>"; };
		AF27414D307164D10017C30C /* HomeRepository.swift */ = {isa = PBXFileReference; lastKnownFileType = sourcecode.swift; path = HomeRepository.swift; sourceTree = "<group>"; };
		AF27414E307164D10017C30C /* HomeView.swift */ = {isa = PBXFileReference; lastKnownFileType = sourcecode.swift; path = HomeView.swift; sourceTree = "<group>"; };
		AF27414F307164D10017C30C /* HomeViewModel.swift */ = {isa = PBXFileReference; lastKnownFileType = sourcecode.swift; path = HomeViewModel.swift; sourceTree = "<group>"; };
		AF274157307166170017C30C /* Order.swift */ = {isa = PBXFileReference; lastKnownFileType = sourcecode.swift; path = Order.swift; sourceTree = "<group>"; };
		AF274159307166320017C30C /* ValidatorPayment.swift */ = {isa = PBXFileReference; lastKnownFileType = sourcecode.swift; path = ValidatorPayment.swift; sourceTree = "<group>"; };
		AF27415B307166540017C30C /* ServiceContainer.swift */ = {isa = PBXFileReference; lastKnownFileType = sourcecode.swift; path = ServiceContainer.swift; sourceTree = "<group>"; };
		AF27415D307166820017C30C /* OrderRepository.swift */ = {isa = PBXFileReference; lastKnownFileType = sourcecode.swift; path = OrderRepository.swift; sourceTree = "<group>"; };
		AF274160307166970017C30C /* CheckoutView.swift */ = {isa = PBXFileReference; lastKnownFileType = sourcecode.swift; path = CheckoutView.swift; sourceTree = "<group>"; };
		AF274161307166970017C30C /* CheckoutViewModel.swift */ = {isa = PBXFileReference; lastKnownFileType = sourcecode.swift; path = CheckoutViewModel.swift; sourceTree = "<group>"; };
		AF274162307166970017C30C /* PaymentService.swift */ = {isa = PBXFileReference; lastKnownFileType = sourcecode.swift; path = PaymentService.swift; sourceTree = "<group>"; };
		AF3458073071742F0041AF66 /* AppRouter.swift */ = {isa = PBXFileReference; lastKnownFileType = sourcecode.swift; path = AppRouter.swift; sourceTree = "<group>"; };
		AF3458093071746A0041AF66 /* OrderDetailView.swift */ = {isa = PBXFileReference; lastKnownFileType = sourcecode.swift; path = OrderDetailView.swift; sourceTree = "<group>"; };
		AF34580A3071746A0041AF66 /* OrderDetailViewModel.swift */ = {isa = PBXFileReference; lastKnownFileType = sourcecode.swift; path = OrderDetailViewModel.swift; sourceTree = "<group>"; };
		AF34580B3071746A0041AF66 /* OrderHistoryView.swift */ = {isa = PBXFileReference; lastKnownFileType = sourcecode.swift; path = OrderHistoryView.swift; sourceTree = "<group>"; };
		AF34580C3071746A0041AF66 /* OrderStatus+UI.swift */ = {isa = PBXFileReference; lastKnownFileType = sourcecode.swift; path = "OrderStatus+UI.swift"; sourceTree = "<group>"; };
		AF34580D3071746A0041AF66 /* OrdersViewModel.swift */ = {isa = PBXFileReference; lastKnownFileType = sourcecode.swift; path = OrdersViewModel.swift; sourceTree = "<group>"; };
		AF345815307179740041AF66 /* MainTabView.swift */ = {isa = PBXFileReference; lastKnownFileType = sourcecode.swift; path = MainTabView.swift; sourceTree = "<group>"; };
		AF345817307179B50041AF66 /* AvatarView.swift */ = {isa = PBXFileReference; lastKnownFileType = sourcecode.swift; path = AvatarView.swift; sourceTree = "<group>"; };
		AF345819307179F10041AF66 /* HomeHeader.swift */ = {isa = PBXFileReference; lastKnownFileType = sourcecode.swift; path = HomeHeader.swift; sourceTree = "<group>"; };
		AF34581B30717A860041AF66 /* ChangePasswordView.swift */ = {isa = PBXFileReference; lastKnownFileType = sourcecode.swift; path = ChangePasswordView.swift; sourceTree = "<group>"; };
		AF34581C30717A860041AF66 /* ChangePasswordViewModel.swift */ = {isa = PBXFileReference; lastKnownFileType = sourcecode.swift; path = ChangePasswordViewModel.swift; sourceTree = "<group>"; };
		AF34581D30717A860041AF66 /* EditProfileView.swift */ = {isa = PBXFileReference; lastKnownFileType = sourcecode.swift; path = EditProfileView.swift; sourceTree = "<group>"; };
		AF34581E30717A860041AF66 /* EditProfileViewModel.swift */ = {isa = PBXFileReference; lastKnownFileType = sourcecode.swift; path = EditProfileViewModel.swift; sourceTree = "<group>"; };
		AF34581F30717A860041AF66 /* NotificationSettingsView.swift */ = {isa = PBXFileReference; lastKnownFileType = sourcecode.swift; path = NotificationSettingsView.swift; sourceTree = "<group>"; };
		AF34582030717A860041AF66 /* ProfileRepository.swift */ = {isa = PBXFileReference; lastKnownFileType = sourcecode.swift; path = ProfileRepository.swift; sourceTree = "<group>"; };
		AF34582130717A860041AF66 /* ProfileStore.swift */ = {isa = PBXFileReference; lastKnownFileType = sourcecode.swift; path = ProfileStore.swift; sourceTree = "<group>"; };
		AF34582230717A860041AF66 /* ProfileView.swift */ = {isa = PBXFileReference; lastKnownFileType = sourcecode.swift; path = ProfileView.swift; sourceTree = "<group>"; };
/* End PBXFileReference section */

/* Begin PBXFileSystemSynchronizedRootGroup section */
		AF2740813070D23D0017C30C /* FoodApp */ = {
			isa = PBXFileSystemSynchronizedRootGroup;
			path = FoodApp;
			sourceTree = "<group>";
		};
		AF27408F3070D23F0017C30C /* FoodAppTests */ = {
			isa = PBXFileSystemSynchronizedRootGroup;
			path = FoodAppTests;
			sourceTree = "<group>";
		};
		AF2740993070D23F0017C30C /* FoodAppUITests */ = {
			isa = PBXFileSystemSynchronizedRootGroup;
			path = FoodAppUITests;
			sourceTree = "<group>";
		};
/* End PBXFileSystemSynchronizedRootGroup section */

/* Begin PBXFrameworksBuildPhase section */
		AF27407C3070D23D0017C30C /* Frameworks */ = {
			isa = PBXFrameworksBuildPhase;
			buildActionMask = 2147483647;
			files = (
			);
			runOnlyForDeploymentPostprocessing = 0;
		};
		AF2740893070D23F0017C30C /* Frameworks */ = {
			isa = PBXFrameworksBuildPhase;
			buildActionMask = 2147483647;
			files = (
			);
			runOnlyForDeploymentPostprocessing = 0;
		};
		AF2740933070D23F0017C30C /* Frameworks */ = {
			isa = PBXFrameworksBuildPhase;
			buildActionMask = 2147483647;
			files = (
			);
			runOnlyForDeploymentPostprocessing = 0;
		};
/* End PBXFrameworksBuildPhase section */

/* Begin PBXGroup section */
		AF2740763070D23D0017C30C = {
			isa = PBXGroup;
			children = (
				AF2740AA3070D33D0017C30C /* App */,
				AF2740B33070D33D0017C30C /* Core */,
				AF2740B73070D33D0017C30C /* Domain */,
				AF2740BE3070D33D0017C30C /* Features */,
				AF2740813070D23D0017C30C /* FoodApp */,
				AF27408F3070D23F0017C30C /* FoodAppTests */,
				AF2740993070D23F0017C30C /* FoodAppUITests */,
				AF2740803070D23D0017C30C /* Products */,
			);
			sourceTree = "<group>";
		};
		AF2740803070D23D0017C30C /* Products */ = {
			isa = PBXGroup;
			children = (
				AF27407F3070D23D0017C30C /* FoodApp.app */,
				AF27408C3070D23F0017C30C /* FoodAppTests.xctest */,
				AF2740963070D23F0017C30C /* FoodAppUITests.xctest */,
			);
			name = Products;
			sourceTree = "<group>";
		};
		AF2740AA3070D33D0017C30C /* App */ = {
			isa = PBXGroup;
			children = (
				AF27415B307166540017C30C /* ServiceContainer.swift */,
				AF2740D43070DF940017C30C /* RootView.swift */,
				AF2740A93070D33D0017C30C /* FoodAppApp.swift */,
				AF3458073071742F0041AF66 /* AppRouter.swift */,
				AF345815307179740041AF66 /* MainTabView.swift */,
			);
			path = App;
			sourceTree = "<group>";
		};
		AF2740AE3070D33D0017C30C /* Networking */ = {
			isa = PBXGroup;
			children = (
				AF2740AB3070D33D0017C30C /* APIClient.swift */,
				AF2740AC3070D33D0017C30C /* Endpoint.swift */,
				AF2740AD3070D33D0017C30C /* NetworkError.swift */,
			);
			path = Networking;
			sourceTree = "<group>";
		};
		AF2740B03070D33D0017C30C /* Storage */ = {
			isa = PBXGroup;
			children = (
				AF27412F3071644E0017C30C /* AddressStore.swift */,
				AF2740AF3070D33D0017C30C /* KeychainService.swift */,
			);
			path = Storage;
			sourceTree = "<group>";
		};
		AF2740B23070D33D0017C30C /* Utils */ = {
			isa = PBXGroup;
			children = (
				AF2740F33070FF430017C30C /* Formatters.swift */,
				AF274159307166320017C30C /* ValidatorPayment.swift */,
				AF2740B13070D33D0017C30C /* Validator.swift */,
				AF274117307124F30017C30C /* ValidatorExtras.swift */,
				AF274131307164750017C30C /* ValidatorAddress.swift */,
			);
			path = Utils;
			sourceTree = "<group>";
		};
		AF2740B33070D33D0017C30C /* Core */ = {
			isa = PBXGroup;
			children = (
				AF274111307115FA0017C30C /* UI */,
				AF2740AE3070D33D0017C30C /* Networking */,
				AF2740B03070D33D0017C30C /* Storage */,
				AF2740B23070D33D0017C30C /* Utils */,
			);
			path = Core;
			sourceTree = "<group>";
		};
		AF2740B53070D33D0017C30C /* Models */ = {
			isa = PBXGroup;
			children = (
				AF274157307166170017C30C /* Order.swift */,
				AF2740B43070D33D0017C30C /* Models.swift */,
				AF27412D307163FB0017C30C /* Address.swift */,
			);
			path = Models;
			sourceTree = "<group>";
		};
		AF2740B73070D33D0017C30C /* Domain */ = {
			isa = PBXGroup;
			children = (
				AF2740B53070D33D0017C30C /* Models */,
				AF2740B63070D33D0017C30C /* PriceCalculator.swift */,
			);
			path = Domain;
			sourceTree = "<group>";
		};
		AF2740BB3070D33D0017C30C /* Auth */ = {
			isa = PBXGroup;
			children = (
				AF2740D23070DF710017C30C /* SessionManager.swift */,
				AF2740B83070D33D0017C30C /* AuthRepository.swift */,
				AF2740B93070D33D0017C30C /* LoginView.swift */,
				AF2740BA3070D33D0017C30C /* LoginViewModel.swift */,
				AF274119307125280017C30C /* AuthModels.swift */,
				AF27411A307125280017C30C /* ForgotPasswordView.swift */,
				AF27411B307125280017C30C /* ForgotPasswordViewModel.swift */,
				AF27411C307125280017C30C /* OTPView.swift */,
				AF27411D307125280017C30C /* OTPViewModel.swift */,
				AF27411E307125280017C30C /* SignupView.swift */,
				AF27411F307125280017C30C /* SignupViewModel.swift */,
			);
			path = Auth;
			sourceTree = "<group>";
		};
		AF2740BD3070D33D0017C30C /* Cart */ = {
			isa = PBXGroup;
			children = (
				AF2741133071162E0017C30C /* FloatingCartBar.swift */,
				AF27410B3071004D0017C30C /* CartView.swift */,
				AF274109307100360017C30C /* CartButton.swift */,
				AF2740BC3070D33D0017C30C /* CartStore.swift */,
			);
			path = Cart;
			sourceTree = "<group>";
		};
		AF2740BE3070D33D0017C30C /* Features */ = {
			isa = PBXGroup;
			children = (
				AF274163307166970017C30C /* Checkout */,
				AF27415E307166820017C30C /* Orders */,
				AF2741383071649B0017C30C /* Address */,
				AF274146307164CD0017C30C /* Restaurant */,
				AF274150307164D10017C30C /* Home */,
				AF2740BB3070D33D0017C30C /* Auth */,
				AF2740BD3070D33D0017C30C /* Cart */,
				AF34582330717A860041AF66 /* Profile */,
			);
			path = Features;
			sourceTree = "<group>";
		};
		AF274111307115FA0017C30C /* UI */ = {
			isa = PBXGroup;
			children = (
				AF345817307179B50041AF66 /* AvatarView.swift */,
				AF2741293071342B0017C30C /* SearchBar.swift */,
				AF274110307115FA0017C30C /* EmojiTile.swift */,
				AF274115307124D70017C30C /* FormField.swift */,
			);
			path = UI;
			sourceTree = "<group>";
		};
		AF2741383071649B0017C30C /* Address */ = {
			isa = PBXGroup;
			children = (
				AF2741333071649B0017C30C /* AddressBook.swift */,
				AF2741343071649B0017C30C /* AddressFormView.swift */,
				AF2741353071649B0017C30C /* AddressFormViewModel.swift */,
				AF2741363071649B0017C30C /* AddressListView.swift */,
				AF2741373071649B0017C30C /* LocationFetcher.swift */,
			);
			path = Address;
			sourceTree = "<group>";
		};
		AF274146307164CD0017C30C /* Restaurant */ = {
			isa = PBXGroup;
			children = (
				AF274141307164CD0017C30C /* MenuRepository.swift */,
				AF274142307164CD0017C30C /* ProductDetailView.swift */,
				AF274143307164CD0017C30C /* ProductDetailViewModel.swift */,
				AF274144307164CD0017C30C /* RestaurantDetailView.swift */,
				AF274145307164CD0017C30C /* RestaurantDetailViewModel.swift */,
			);
			path = Restaurant;
			sourceTree = "<group>";
		};
		AF274150307164D10017C30C /* Home */ = {
			isa = PBXGroup;
			children = (
				AF27414C307164D10017C30C /* BannerCarousel.swift */,
				AF27414D307164D10017C30C /* HomeRepository.swift */,
				AF27414E307164D10017C30C /* HomeView.swift */,
				AF27414F307164D10017C30C /* HomeViewModel.swift */,
				AF345819307179F10041AF66 /* HomeHeader.swift */,
			);
			path = Home;
			sourceTree = "<group>";
		};
		AF27415E307166820017C30C /* Orders */ = {
			isa = PBXGroup;
			children = (
				AF27415D307166820017C30C /* OrderRepository.swift */,
				AF3458093071746A0041AF66 /* OrderDetailView.swift */,
				AF34580A3071746A0041AF66 /* OrderDetailViewModel.swift */,
				AF34580B3071746A0041AF66 /* OrderHistoryView.swift */,
				AF34580C3071746A0041AF66 /* OrderStatus+UI.swift */,
				AF34580D3071746A0041AF66 /* OrdersViewModel.swift */,
			);
			path = Orders;
			sourceTree = "<group>";
		};
		AF274163307166970017C30C /* Checkout */ = {
			isa = PBXGroup;
			children = (
				AF274160307166970017C30C /* CheckoutView.swift */,
				AF274161307166970017C30C /* CheckoutViewModel.swift */,
				AF274162307166970017C30C /* PaymentService.swift */,
			);
			path = Checkout;
			sourceTree = "<group>";
		};
		AF34582330717A860041AF66 /* Profile */ = {
			isa = PBXGroup;
			children = (
				AF34581B30717A860041AF66 /* ChangePasswordView.swift */,
				AF34581C30717A860041AF66 /* ChangePasswordViewModel.swift */,
				AF34581D30717A860041AF66 /* EditProfileView.swift */,
				AF34581E30717A860041AF66 /* EditProfileViewModel.swift */,
				AF34581F30717A860041AF66 /* NotificationSettingsView.swift */,
				AF34582030717A860041AF66 /* ProfileRepository.swift */,
				AF34582130717A860041AF66 /* ProfileStore.swift */,
				AF34582230717A860041AF66 /* ProfileView.swift */,
			);
			path = Profile;
			sourceTree = "<group>";
		};
/* End PBXGroup section */

/* Begin PBXNativeTarget section */
		AF27407E3070D23D0017C30C /* FoodApp */ = {
			isa = PBXNativeTarget;
			buildConfigurationList = AF2740A03070D23F0017C30C /* Build configuration list for PBXNativeTarget "FoodApp" */;
			buildPhases = (
				AF27407B3070D23D0017C30C /* Sources */,
				AF27407C3070D23D0017C30C /* Frameworks */,
				AF27407D3070D23D0017C30C /* Resources */,
			);
			buildRules = (
			);
			dependencies = (
			);
			fileSystemSynchronizedGroups = (
				AF2740813070D23D0017C30C /* FoodApp */,
			);
			name = FoodApp;
			packageProductDependencies = (
			);
			productName = FoodApp;
			productReference = AF27407F3070D23D0017C30C /* FoodApp.app */;
			productType = "com.apple.product-type.application";
		};
		AF27408B3070D23F0017C30C /* FoodAppTests */ = {
			isa = PBXNativeTarget;
			buildConfigurationList = AF2740A33070D23F0017C30C /* Build configuration list for PBXNativeTarget "FoodAppTests" */;
			buildPhases = (
				AF2740883070D23F0017C30C /* Sources */,
				AF2740893070D23F0017C30C /* Frameworks */,
				AF27408A3070D23F0017C30C /* Resources */,
			);
			buildRules = (
			);
			dependencies = (
				AF27408E3070D23F0017C30C /* PBXTargetDependency */,
			);
			fileSystemSynchronizedGroups = (
				AF27408F3070D23F0017C30C /* FoodAppTests */,
			);
			name = FoodAppTests;
			packageProductDependencies = (
			);
			productName = FoodAppTests;
			productReference = AF27408C3070D23F0017C30C /* FoodAppTests.xctest */;
			productType = "com.apple.product-type.bundle.unit-test";
		};
		AF2740953070D23F0017C30C /* FoodAppUITests */ = {
			isa = PBXNativeTarget;
			buildConfigurationList = AF2740A63070D23F0017C30C /* Build configuration list for PBXNativeTarget "FoodAppUITests" */;
			buildPhases = (
				AF2740923070D23F0017C30C /* Sources */,
				AF2740933070D23F0017C30C /* Frameworks */,
				AF2740943070D23F0017C30C /* Resources */,
			);
			buildRules = (
			);
			dependencies = (
				AF2740983070D23F0017C30C /* PBXTargetDependency */,
			);
			fileSystemSynchronizedGroups = (
				AF2740993070D23F0017C30C /* FoodAppUITests */,
			);
			name = FoodAppUITests;
			packageProductDependencies = (
			);
			productName = FoodAppUITests;
			productReference = AF2740963070D23F0017C30C /* FoodAppUITests.xctest */;
			productType = "com.apple.product-type.bundle.ui-testing";
		};
/* End PBXNativeTarget section */

/* Begin PBXProject section */
		AF2740773070D23D0017C30C /* Project object */ = {
			isa = PBXProject;
			attributes = {
				BuildIndependentTargetsInParallel = 1;
				LastSwiftUpdateCheck = 2640;
				LastUpgradeCheck = 2640;
				TargetAttributes = {
					AF27407E3070D23D0017C30C = {
						CreatedOnToolsVersion = 26.4;
					};
					AF27408B3070D23F0017C30C = {
						CreatedOnToolsVersion = 26.4;
						LastSwiftMigration = 2640;
						TestTargetID = AF27407E3070D23D0017C30C;
					};
					AF2740953070D23F0017C30C = {
						CreatedOnToolsVersion = 26.4;
						TestTargetID = AF27407E3070D23D0017C30C;
					};
				};
			};
			buildConfigurationList = AF27407A3070D23D0017C30C /* Build configuration list for PBXProject "FoodApp" */;
			developmentRegion = en;
			hasScannedForEncodings = 0;
			knownRegions = (
				en,
				Base,
			);
			mainGroup = AF2740763070D23D0017C30C;
			minimizedProjectReferenceProxies = 1;
			preferredProjectObjectVersion = 77;
			productRefGroup = AF2740803070D23D0017C30C /* Products */;
			projectDirPath = "";
			projectRoot = "";
			targets = (
				AF27407E3070D23D0017C30C /* FoodApp */,
				AF27408B3070D23F0017C30C /* FoodAppTests */,
				AF2740953070D23F0017C30C /* FoodAppUITests */,
			);
		};
/* End PBXProject section */

/* Begin PBXResourcesBuildPhase section */
		AF27407D3070D23D0017C30C /* Resources */ = {
			isa = PBXResourcesBuildPhase;
			buildActionMask = 2147483647;
			files = (
			);
			runOnlyForDeploymentPostprocessing = 0;
		};
		AF27408A3070D23F0017C30C /* Resources */ = {
			isa = PBXResourcesBuildPhase;
			buildActionMask = 2147483647;
			files = (
			);
			runOnlyForDeploymentPostprocessing = 0;
		};
		AF2740943070D23F0017C30C /* Resources */ = {
			isa = PBXResourcesBuildPhase;
			buildActionMask = 2147483647;
			files = (
			);
			runOnlyForDeploymentPostprocessing = 0;
		};
/* End PBXResourcesBuildPhase section */

/* Begin PBXSourcesBuildPhase section */
		AF27407B3070D23D0017C30C /* Sources */ = {
			isa = PBXSourcesBuildPhase;
			buildActionMask = 2147483647;
			files = (
				AF2741393071649B0017C30C /* AddressFormViewModel.swift in Sources */,
				AF27413A3071649B0017C30C /* LocationFetcher.swift in Sources */,
				AF27413B3071649B0017C30C /* AddressBook.swift in Sources */,
				AF27413C3071649B0017C30C /* AddressFormView.swift in Sources */,
				AF34580E3071746A0041AF66 /* OrderHistoryView.swift in Sources */,
				AF34580F3071746A0041AF66 /* OrderDetailView.swift in Sources */,
				AF3458103071746A0041AF66 /* OrdersViewModel.swift in Sources */,
				AF34581A307179F10041AF66 /* HomeHeader.swift in Sources */,
				AF3458113071746A0041AF66 /* OrderDetailViewModel.swift in Sources */,
				AF3458123071746A0041AF66 /* OrderStatus+UI.swift in Sources */,
				AF27413D3071649B0017C30C /* AddressListView.swift in Sources */,
				AF27415A307166320017C30C /* ValidatorPayment.swift in Sources */,
				AF2741303071644E0017C30C /* AddressStore.swift in Sources */,
				AF27412A3071342B0017C30C /* SearchBar.swift in Sources */,
				AF274118307124F30017C30C /* ValidatorExtras.swift in Sources */,
				AF2740BF3070D33D0017C30C /* AuthRepository.swift in Sources */,
				AF2740C03070D33D0017C30C /* NetworkError.swift in Sources */,
				AF2740C13070D33D0017C30C /* KeychainService.swift in Sources */,
				AF2740C23070D33D0017C30C /* Endpoint.swift in Sources */,
				AF2740D53070DF960017C30C /* RootView.swift in Sources */,
				AF274151307164D10017C30C /* BannerCarousel.swift in Sources */,
				AF274152307164D10017C30C /* HomeRepository.swift in Sources */,
				AF274158307166170017C30C /* Order.swift in Sources */,
				AF274153307164D10017C30C /* HomeView.swift in Sources */,
				AF274154307164D10017C30C /* HomeViewModel.swift in Sources */,
				AF2740C33070D33D0017C30C /* LoginView.swift in Sources */,
				AF27412E307163FB0017C30C /* Address.swift in Sources */,
				AF2740C43070D33D0017C30C /* Validator.swift in Sources */,
				AF274116307124D70017C30C /* FormField.swift in Sources */,
				AF274112307115FA0017C30C /* EmojiTile.swift in Sources */,
				AF274147307164CD0017C30C /* MenuRepository.swift in Sources */,
				AF274148307164CD0017C30C /* ProductDetailView.swift in Sources */,
				AF274149307164CD0017C30C /* ProductDetailViewModel.swift in Sources */,
				AF27414A307164CD0017C30C /* RestaurantDetailView.swift in Sources */,
				AF27414B307164CD0017C30C /* RestaurantDetailViewModel.swift in Sources */,
				AF274120307125280017C30C /* SignupView.swift in Sources */,
				AF274132307164750017C30C /* ValidatorAddress.swift in Sources */,
				AF274121307125280017C30C /* ForgotPasswordView.swift in Sources */,
				AF3458083071742F0041AF66 /* AppRouter.swift in Sources */,
				AF27415F307166820017C30C /* OrderRepository.swift in Sources */,
				AF274122307125280017C30C /* SignupViewModel.swift in Sources */,
				AF274123307125280017C30C /* OTPViewModel.swift in Sources */,
				AF274124307125280017C30C /* AuthModels.swift in Sources */,
				AF274125307125280017C30C /* ForgotPasswordViewModel.swift in Sources */,
				AF274126307125280017C30C /* OTPView.swift in Sources */,
				AF27415C307166540017C30C /* ServiceContainer.swift in Sources */,
				AF34582430717A860041AF66 /* EditProfileView.swift in Sources */,
				AF34582530717A860041AF66 /* EditProfileViewModel.swift in Sources */,
				AF34582630717A860041AF66 /* ChangePasswordViewModel.swift in Sources */,
				AF34582730717A860041AF66 /* ProfileView.swift in Sources */,
				AF34582830717A860041AF66 /* ProfileRepository.swift in Sources */,
				AF34582930717A860041AF66 /* ProfileStore.swift in Sources */,
				AF34582A30717A860041AF66 /* ChangePasswordView.swift in Sources */,
				AF34582B30717A860041AF66 /* NotificationSettingsView.swift in Sources */,
				AF2740C53070D33D0017C30C /* PriceCalculator.swift in Sources */,
				AF274164307166970017C30C /* PaymentService.swift in Sources */,
				AF274165307166970017C30C /* CheckoutView.swift in Sources */,
				AF274166307166970017C30C /* CheckoutViewModel.swift in Sources */,
				AF345818307179B50041AF66 /* AvatarView.swift in Sources */,
				AF2740C63070D33D0017C30C /* FoodAppApp.swift in Sources */,
				AF27410A307100390017C30C /* CartButton.swift in Sources */,
				AF2740F43070FF450017C30C /* Formatters.swift in Sources */,
				AF2740C73070D33D0017C30C /* APIClient.swift in Sources */,
				AF27410C3071004E0017C30C /* CartView.swift in Sources */,
				AF2741143071162E0017C30C /* FloatingCartBar.swift in Sources */,
				AF2740C83070D33D0017C30C /* LoginViewModel.swift in Sources */,
				AF2740D33070DF780017C30C /* SessionManager.swift in Sources */,
				AF2740C93070D33D0017C30C /* CartStore.swift in Sources */,
				AF2740CA3070D33D0017C30C /* Models.swift in Sources */,
				AF345816307179740041AF66 /* MainTabView.swift in Sources */,
			);
			runOnlyForDeploymentPostprocessing = 0;
		};
		AF2740883070D23F0017C30C /* Sources */ = {
			isa = PBXSourcesBuildPhase;
			buildActionMask = 2147483647;
			files = (
			);
			runOnlyForDeploymentPostprocessing = 0;
		};
		AF2740923070D23F0017C30C /* Sources */ = {
			isa = PBXSourcesBuildPhase;
			buildActionMask = 2147483647;
			files = (
			);
			runOnlyForDeploymentPostprocessing = 0;
		};
/* End PBXSourcesBuildPhase section */

/* Begin PBXTargetDependency section */
		AF27408E3070D23F0017C30C /* PBXTargetDependency */ = {
			isa = PBXTargetDependency;
			target = AF27407E3070D23D0017C30C /* FoodApp */;
			targetProxy = AF27408D3070D23F0017C30C /* PBXContainerItemProxy */;
		};
		AF2740983070D23F0017C30C /* PBXTargetDependency */ = {
			isa = PBXTargetDependency;
			target = AF27407E3070D23D0017C30C /* FoodApp */;
			targetProxy = AF2740973070D23F0017C30C /* PBXContainerItemProxy */;
		};
/* End PBXTargetDependency section */

/* Begin XCBuildConfiguration section */
		AF27409E3070D23F0017C30C /* Debug */ = {
			isa = XCBuildConfiguration;
			buildSettings = {
				ALWAYS_SEARCH_USER_PATHS = NO;
				ASSETCATALOG_COMPILER_GENERATE_SWIFT_ASSET_SYMBOL_EXTENSIONS = YES;
				CLANG_ANALYZER_NONNULL = YES;
				CLANG_ANALYZER_NUMBER_OBJECT_CONVERSION = YES_AGGRESSIVE;
				CLANG_CXX_LANGUAGE_STANDARD = "gnu++20";
				CLANG_ENABLE_MODULES = YES;
				CLANG_ENABLE_OBJC_ARC = YES;
				CLANG_ENABLE_OBJC_WEAK = YES;
				CLANG_WARN_BLOCK_CAPTURE_AUTORELEASING = YES;
				CLANG_WARN_BOOL_CONVERSION = YES;
				CLANG_WARN_COMMA = YES;
				CLANG_WARN_CONSTANT_CONVERSION = YES;
				CLANG_WARN_DEPRECATED_OBJC_IMPLEMENTATIONS = YES;
				CLANG_WARN_DIRECT_OBJC_ISA_USAGE = YES_ERROR;
				CLANG_WARN_DOCUMENTATION_COMMENTS = YES;
				CLANG_WARN_EMPTY_BODY = YES;
				CLANG_WARN_ENUM_CONVERSION = YES;
				CLANG_WARN_INFINITE_RECURSION = YES;
				CLANG_WARN_INT_CONVERSION = YES;
				CLANG_WARN_NON_LITERAL_NULL_CONVERSION = YES;
				CLANG_WARN_OBJC_IMPLICIT_RETAIN_SELF = YES;
				CLANG_WARN_OBJC_LITERAL_CONVERSION = YES;
				CLANG_WARN_OBJC_ROOT_CLASS = YES_ERROR;
				CLANG_WARN_QUOTED_INCLUDE_IN_FRAMEWORK_HEADER = YES;
				CLANG_WARN_RANGE_LOOP_ANALYSIS = YES;
				CLANG_WARN_STRICT_PROTOTYPES = YES;
				CLANG_WARN_SUSPICIOUS_MOVE = YES;
				CLANG_WARN_UNGUARDED_AVAILABILITY = YES_AGGRESSIVE;
				CLANG_WARN_UNREACHABLE_CODE = YES;
				CLANG_WARN__DUPLICATE_METHOD_MATCH = YES;
				COPY_PHASE_STRIP = NO;
				DEBUG_INFORMATION_FORMAT = dwarf;
				ENABLE_STRICT_OBJC_MSGSEND = YES;
				ENABLE_TESTABILITY = YES;
				ENABLE_USER_SCRIPT_SANDBOXING = YES;
				GCC_C_LANGUAGE_STANDARD = gnu17;
				GCC_DYNAMIC_NO_PIC = NO;
				GCC_NO_COMMON_BLOCKS = YES;
				GCC_OPTIMIZATION_LEVEL = 0;
				GCC_PREPROCESSOR_DEFINITIONS = (
					"DEBUG=1",
					"$(inherited)",
				);
				GCC_WARN_64_TO_32_BIT_CONVERSION = YES;
				GCC_WARN_ABOUT_RETURN_TYPE = YES_ERROR;
				GCC_WARN_UNDECLARED_SELECTOR = YES;
				GCC_WARN_UNINITIALIZED_AUTOS = YES_AGGRESSIVE;
				GCC_WARN_UNUSED_FUNCTION = YES;
				GCC_WARN_UNUSED_VARIABLE = YES;
				IPHONEOS_DEPLOYMENT_TARGET = 26.4;
				LOCALIZATION_PREFERS_STRING_CATALOGS = YES;
				MTL_ENABLE_DEBUG_INFO = INCLUDE_SOURCE;
				MTL_FAST_MATH = YES;
				ONLY_ACTIVE_ARCH = YES;
				SDKROOT = iphoneos;
				SWIFT_ACTIVE_COMPILATION_CONDITIONS = "DEBUG $(inherited)";
				SWIFT_OPTIMIZATION_LEVEL = "-Onone";
			};
			name = Debug;
		};
		AF27409F3070D23F0017C30C /* Release */ = {
			isa = XCBuildConfiguration;
			buildSettings = {
				ALWAYS_SEARCH_USER_PATHS = NO;
				ASSETCATALOG_COMPILER_GENERATE_SWIFT_ASSET_SYMBOL_EXTENSIONS = YES;
				CLANG_ANALYZER_NONNULL = YES;
				CLANG_ANALYZER_NUMBER_OBJECT_CONVERSION = YES_AGGRESSIVE;
				CLANG_CXX_LANGUAGE_STANDARD = "gnu++20";
				CLANG_ENABLE_MODULES = YES;
				CLANG_ENABLE_OBJC_ARC = YES;
				CLANG_ENABLE_OBJC_WEAK = YES;
				CLANG_WARN_BLOCK_CAPTURE_AUTORELEASING = YES;
				CLANG_WARN_BOOL_CONVERSION = YES;
				CLANG_WARN_COMMA = YES;
				CLANG_WARN_CONSTANT_CONVERSION = YES;
				CLANG_WARN_DEPRECATED_OBJC_IMPLEMENTATIONS = YES;
				CLANG_WARN_DIRECT_OBJC_ISA_USAGE = YES_ERROR;
				CLANG_WARN_DOCUMENTATION_COMMENTS = YES;
				CLANG_WARN_EMPTY_BODY = YES;
				CLANG_WARN_ENUM_CONVERSION = YES;
				CLANG_WARN_INFINITE_RECURSION = YES;
				CLANG_WARN_INT_CONVERSION = YES;
				CLANG_WARN_NON_LITERAL_NULL_CONVERSION = YES;
				CLANG_WARN_OBJC_IMPLICIT_RETAIN_SELF = YES;
				CLANG_WARN_OBJC_LITERAL_CONVERSION = YES;
				CLANG_WARN_OBJC_ROOT_CLASS = YES_ERROR;
				CLANG_WARN_QUOTED_INCLUDE_IN_FRAMEWORK_HEADER = YES;
				CLANG_WARN_RANGE_LOOP_ANALYSIS = YES;
				CLANG_WARN_STRICT_PROTOTYPES = YES;
				CLANG_WARN_SUSPICIOUS_MOVE = YES;
				CLANG_WARN_UNGUARDED_AVAILABILITY = YES_AGGRESSIVE;
				CLANG_WARN_UNREACHABLE_CODE = YES;
				CLANG_WARN__DUPLICATE_METHOD_MATCH = YES;
				COPY_PHASE_STRIP = NO;
				DEBUG_INFORMATION_FORMAT = "dwarf-with-dsym";
				ENABLE_NS_ASSERTIONS = NO;
				ENABLE_STRICT_OBJC_MSGSEND = YES;
				ENABLE_USER_SCRIPT_SANDBOXING = YES;
				GCC_C_LANGUAGE_STANDARD = gnu17;
				GCC_NO_COMMON_BLOCKS = YES;
				GCC_WARN_64_TO_32_BIT_CONVERSION = YES;
				GCC_WARN_ABOUT_RETURN_TYPE = YES_ERROR;
				GCC_WARN_UNDECLARED_SELECTOR = YES;
				GCC_WARN_UNINITIALIZED_AUTOS = YES_AGGRESSIVE;
				GCC_WARN_UNUSED_FUNCTION = YES;
				GCC_WARN_UNUSED_VARIABLE = YES;
				IPHONEOS_DEPLOYMENT_TARGET = 26.4;
				LOCALIZATION_PREFERS_STRING_CATALOGS = YES;
				MTL_ENABLE_DEBUG_INFO = NO;
				MTL_FAST_MATH = YES;
				SDKROOT = iphoneos;
				SWIFT_COMPILATION_MODE = wholemodule;
				VALIDATE_PRODUCT = YES;
			};
			name = Release;
		};
		AF2740A13070D23F0017C30C /* Debug */ = {
			isa = XCBuildConfiguration;
			buildSettings = {
				ASSETCATALOG_COMPILER_APPICON_NAME = AppIcon;
				ASSETCATALOG_COMPILER_GLOBAL_ACCENT_COLOR_NAME = AccentColor;
				CODE_SIGN_STYLE = Automatic;
				CURRENT_PROJECT_VERSION = 1;
				ENABLE_PREVIEWS = YES;
				GENERATE_INFOPLIST_FILE = YES;
				INFOPLIST_KEY_NSLocationWhenInUseUsageDescription = "We use your location to fill your delivery address.";
				INFOPLIST_KEY_UIApplicationSceneManifest_Generation = YES;
				INFOPLIST_KEY_UIApplicationSupportsIndirectInputEvents = YES;
				INFOPLIST_KEY_UILaunchScreen_Generation = YES;
				INFOPLIST_KEY_UISupportedInterfaceOrientations_iPad = "UIInterfaceOrientationPortrait UIInterfaceOrientationPortraitUpsideDown UIInterfaceOrientationLandscapeLeft UIInterfaceOrientationLandscapeRight";
				INFOPLIST_KEY_UISupportedInterfaceOrientations_iPhone = "UIInterfaceOrientationPortrait UIInterfaceOrientationLandscapeLeft UIInterfaceOrientationLandscapeRight";
				LD_RUNPATH_SEARCH_PATHS = (
					"$(inherited)",
					"@executable_path/Frameworks",
				);
				MARKETING_VERSION = 1.0;
				PRODUCT_BUNDLE_IDENTIFIER = com.test.FoodApp;
				PRODUCT_NAME = "$(TARGET_NAME)";
				STRING_CATALOG_GENERATE_SYMBOLS = YES;
				SWIFT_APPROACHABLE_CONCURRENCY = YES;
				SWIFT_DEFAULT_ACTOR_ISOLATION = MainActor;
				SWIFT_EMIT_LOC_STRINGS = YES;
				SWIFT_UPCOMING_FEATURE_MEMBER_IMPORT_VISIBILITY = YES;
				SWIFT_VERSION = 5.0;
				TARGETED_DEVICE_FAMILY = "1,2";
			};
			name = Debug;
		};
		AF2740A23070D23F0017C30C /* Release */ = {
			isa = XCBuildConfiguration;
			buildSettings = {
				ASSETCATALOG_COMPILER_APPICON_NAME = AppIcon;
				ASSETCATALOG_COMPILER_GLOBAL_ACCENT_COLOR_NAME = AccentColor;
				CODE_SIGN_STYLE = Automatic;
				CURRENT_PROJECT_VERSION = 1;
				ENABLE_PREVIEWS = YES;
				GENERATE_INFOPLIST_FILE = YES;
				INFOPLIST_KEY_NSLocationWhenInUseUsageDescription = "We use your location to fill your delivery address.";
				INFOPLIST_KEY_UIApplicationSceneManifest_Generation = YES;
				INFOPLIST_KEY_UIApplicationSupportsIndirectInputEvents = YES;
				INFOPLIST_KEY_UILaunchScreen_Generation = YES;
				INFOPLIST_KEY_UISupportedInterfaceOrientations_iPad = "UIInterfaceOrientationPortrait UIInterfaceOrientationPortraitUpsideDown UIInterfaceOrientationLandscapeLeft UIInterfaceOrientationLandscapeRight";
				INFOPLIST_KEY_UISupportedInterfaceOrientations_iPhone = "UIInterfaceOrientationPortrait UIInterfaceOrientationLandscapeLeft UIInterfaceOrientationLandscapeRight";
				LD_RUNPATH_SEARCH_PATHS = (
					"$(inherited)",
					"@executable_path/Frameworks",
				);
				MARKETING_VERSION = 1.0;
				PRODUCT_BUNDLE_IDENTIFIER = com.test.FoodApp;
				PRODUCT_NAME = "$(TARGET_NAME)";
				STRING_CATALOG_GENERATE_SYMBOLS = YES;
				SWIFT_APPROACHABLE_CONCURRENCY = YES;
				SWIFT_DEFAULT_ACTOR_ISOLATION = MainActor;
				SWIFT_EMIT_LOC_STRINGS = YES;
				SWIFT_UPCOMING_FEATURE_MEMBER_IMPORT_VISIBILITY = YES;
				SWIFT_VERSION = 5.0;
				TARGETED_DEVICE_FAMILY = "1,2";
			};
			name = Release;
		};
		AF2740A43070D23F0017C30C /* Debug */ = {
			isa = XCBuildConfiguration;
			buildSettings = {
				BUNDLE_LOADER = "$(TEST_HOST)";
				CLANG_ENABLE_MODULES = YES;
				CODE_SIGN_STYLE = Automatic;
				CURRENT_PROJECT_VERSION = 1;
				GENERATE_INFOPLIST_FILE = YES;
				IPHONEOS_DEPLOYMENT_TARGET = 26.4;
				MARKETING_VERSION = 1.0;
				PRODUCT_BUNDLE_IDENTIFIER = com.test.FoodAppTests;
				PRODUCT_NAME = "$(TARGET_NAME)";
				STRING_CATALOG_GENERATE_SYMBOLS = NO;
				SWIFT_APPROACHABLE_CONCURRENCY = YES;
				SWIFT_EMIT_LOC_STRINGS = NO;
				SWIFT_OBJC_BRIDGING_HEADER = "FoodAppTests/FoodAppTests-Bridging-Header.h";
				SWIFT_OPTIMIZATION_LEVEL = "-Onone";
				SWIFT_UPCOMING_FEATURE_MEMBER_IMPORT_VISIBILITY = YES;
				SWIFT_VERSION = 5.0;
				TARGETED_DEVICE_FAMILY = "1,2";
				TEST_HOST = "$(BUILT_PRODUCTS_DIR)/FoodApp.app/$(BUNDLE_EXECUTABLE_FOLDER_PATH)/FoodApp";
			};
			name = Debug;
		};
		AF2740A53070D23F0017C30C /* Release */ = {
			isa = XCBuildConfiguration;
			buildSettings = {
				BUNDLE_LOADER = "$(TEST_HOST)";
				CLANG_ENABLE_MODULES = YES;
				CODE_SIGN_STYLE = Automatic;
				CURRENT_PROJECT_VERSION = 1;
				GENERATE_INFOPLIST_FILE = YES;
				IPHONEOS_DEPLOYMENT_TARGET = 26.4;
				MARKETING_VERSION = 1.0;
				PRODUCT_BUNDLE_IDENTIFIER = com.test.FoodAppTests;
				PRODUCT_NAME = "$(TARGET_NAME)";
				STRING_CATALOG_GENERATE_SYMBOLS = NO;
				SWIFT_APPROACHABLE_CONCURRENCY = YES;
				SWIFT_EMIT_LOC_STRINGS = NO;
				SWIFT_OBJC_BRIDGING_HEADER = "FoodAppTests/FoodAppTests-Bridging-Header.h";
				SWIFT_UPCOMING_FEATURE_MEMBER_IMPORT_VISIBILITY = YES;
				SWIFT_VERSION = 5.0;
				TARGETED_DEVICE_FAMILY = "1,2";
				TEST_HOST = "$(BUILT_PRODUCTS_DIR)/FoodApp.app/$(BUNDLE_EXECUTABLE_FOLDER_PATH)/FoodApp";
			};
			name = Release;
		};
		AF2740A73070D23F0017C30C /* Debug */ = {
			isa = XCBuildConfiguration;
			buildSettings = {
				CODE_SIGN_STYLE = Automatic;
				CURRENT_PROJECT_VERSION = 1;
				GENERATE_INFOPLIST_FILE = YES;
				MARKETING_VERSION = 1.0;
				PRODUCT_BUNDLE_IDENTIFIER = com.test.FoodAppUITests;
				PRODUCT_NAME = "$(TARGET_NAME)";
				STRING_CATALOG_GENERATE_SYMBOLS = NO;
				SWIFT_APPROACHABLE_CONCURRENCY = YES;
				SWIFT_EMIT_LOC_STRINGS = NO;
				SWIFT_UPCOMING_FEATURE_MEMBER_IMPORT_VISIBILITY = YES;
				SWIFT_VERSION = 5.0;
				TARGETED_DEVICE_FAMILY = "1,2";
				TEST_TARGET_NAME = FoodApp;
			};
			name = Debug;
		};
		AF2740A83070D23F0017C30C /* Release */ = {
			isa = XCBuildConfiguration;
			buildSettings = {
				CODE_SIGN_STYLE = Automatic;
				CURRENT_PROJECT_VERSION = 1;
				GENERATE_INFOPLIST_FILE = YES;
				MARKETING_VERSION = 1.0;
				PRODUCT_BUNDLE_IDENTIFIER = com.test.FoodAppUITests;
				PRODUCT_NAME = "$(TARGET_NAME)";
				STRING_CATALOG_GENERATE_SYMBOLS = NO;
				SWIFT_APPROACHABLE_CONCURRENCY = YES;
				SWIFT_EMIT_LOC_STRINGS = NO;
				SWIFT_UPCOMING_FEATURE_MEMBER_IMPORT_VISIBILITY = YES;
				SWIFT_VERSION = 5.0;
				TARGETED_DEVICE_FAMILY = "1,2";
				TEST_TARGET_NAME = FoodApp;
			};
			name = Release;
		};
/* End XCBuildConfiguration section */

/* Begin XCConfigurationList section */
		AF27407A3070D23D0017C30C /* Build configuration list for PBXProject "FoodApp" */ = {
			isa = XCConfigurationList;
			buildConfigurations = (
				AF27409E3070D23F0017C30C /* Debug */,
				AF27409F3070D23F0017C30C /* Release */,
			);
			defaultConfigurationIsVisible = 0;
			defaultConfigurationName = Release;
		};
		AF2740A03070D23F0017C30C /* Build configuration list for PBXNativeTarget "FoodApp" */ = {
			isa = XCConfigurationList;
			buildConfigurations = (
				AF2740A13070D23F0017C30C /* Debug */,
				AF2740A23070D23F0017C30C /* Release */,
			);
			defaultConfigurationIsVisible = 0;
			defaultConfigurationName = Release;
		};
		AF2740A33070D23F0017C30C /* Build configuration list for PBXNativeTarget "FoodAppTests" */ = {
			isa = XCConfigurationList;
			buildConfigurations = (
				AF2740A43070D23F0017C30C /* Debug */,
				AF2740A53070D23F0017C30C /* Release */,
			);
			defaultConfigurationIsVisible = 0;
			defaultConfigurationName = Release;
		};
		AF2740A63070D23F0017C30C /* Build configuration list for PBXNativeTarget "FoodAppUITests" */ = {
			isa = XCConfigurationList;
			buildConfigurations = (
				AF2740A73070D23F0017C30C /* Debug */,
				AF2740A83070D23F0017C30C /* Release */,
			);
			defaultConfigurationIsVisible = 0;
			defaultConfigurationName = Release;
		};
/* End XCConfigurationList section */
	};
	rootObject = AF2740773070D23D0017C30C /* Project object */;
}
